
Microsoft Visual Studio Solution File, Format Version 12.00
# Visual Studio 15
VisualStudioVersion = 15.0.28307.779
MinimumVisualStudioVersion = 10.0.40219.1
Project("{9A19103F-16F7-4668-BE54-9A1E7A4F7556}") = "CJTimbangan", "CJTimbangan.csproj", "{617E8610-AFFE-447D-94E6-228C57F29B36}"
EndProject
Global
	GlobalSection(SolutionConfigurationPlatforms) = preSolution
		Debug|Any CPU = Debug|Any CPU
		Release|Any CPU = Release|Any CPU
	EndGlobalSection
	GlobalSection(ProjectConfigurationPlatforms) = postSolution
		{617E8610-AFFE-447D-94E6-228C57F29B36}.Debug|Any CPU.ActiveCfg = Debug|Any CPU
		{617E8610-AFFE-447D-94E6-228C57F29B36}.Debug|Any CPU.Build.0 = Debug|Any CPU
		{617E8610-AFFE-447D-94E6-228C57F29B36}.Release|Any CPU.ActiveCfg = Release|Any CPU
		{617E8610-AFFE-447D-94E6-228C57F29B36}.Release|Any CPU.Build.0 = Release|Any CPU
	EndGlobalSection
	GlobalSection(SolutionProperties) = preSolution
		HideSolutionNode = FALSE
	EndGlobalSection
	GlobalSection(ExtensibilityGlobals) = postSolution
		SolutionGuid = {14C46F25-F4F3-4374-9FD6-B14BEC401046}
	EndGlobalSection
EndGlobal
